{
  "name": "MED-CONTEST",
  "lockfileVersion": 3,
  "requires": true,
  "packages": {
    "": {
      "dependencies": {
        "smiles-drawer": "^2.3.0"
      }
    },
    "node_modules/chroma-js": {
      "version": "2.6.0",
      "resolved": "https://registry.npmjs.org/chroma-js/-/chroma-js-2.6.0.tgz",
      "integrity": "sha512-BLHvCB9s8Z1EV4ethr6xnkl/P2YRFOGqfgvuMG/MyCbZPrTA+NeiByY6XvgF0zP4/2deU2CXnWyMa3zu1LqQ3A==",
      "license": "(BSD-3-Clause AND Apache-2.0)"
    },
    "node_modules/smiles-drawer": {
      "version": "2.3.0",
      "resolved": "https://registry.npmjs.org/smiles-drawer/-/smiles-drawer-2.3.0.tgz",
      "integrity": "sha512-2A7SZXC0Ms5v/qyFUKOcMMdlIjT6qP9v6yvvGxTMzgzVwcoGTut4dgM4RM7fdnOE++nY2FyNS65uDIr6S4a+sw==",
      "license": "MIT",
      "dependencies": {
        "chroma-js": "^2.4.2"
      }
    }
  }
}
